// !$*UTF8*$!
{
	archiveVersion = 1;
	classes = {
	};
	objectVersion = 46;
	objects = {

/* Begin PBXBuildFile section */
		0F2F49761E92C4DB00FC2062 /* PatternViewCell.m in Sources */ = {isa = PBXBuildFile; fileRef = 0F2F49751E92C4DB00FC2062 /* PatternViewCell.m */; };
		0F440C671E64F3EF00DC55E3 /* Forcast.m in Sources */ = {isa = PBXBuildFile; fileRef = 0F440C5F1E60958C00DC55E3 /* Forcast.m */; };
		0F6A67891E53ACCF001F84D3 /* main.m in Sources */ = {isa = PBXBuildFile; fileRef = 0F6A67881E53ACCF001F84D3 /* main.m */; };
		0F6A678C1E53ACCF001F84D3 /* AppDelegate.m in Sources */ = {isa = PBXBuildFile; fileRef = 0F6A678B1E53ACCF001F84D3 /* AppDelegate.m */; };
		0F6A678F1E53ACCF001F84D3 /* ViewController.m in Sources */ = {isa = PBXBuildFile; fileRef = 0F6A678E1E53ACCF001F84D3 /* ViewController.m */; };
		0F6A67971E53ACD0001F84D3 /* LaunchScreen.storyboard in Resources */ = {isa = PBXBuildFile; fileRef = 0F6A67951E53ACD0001F84D3 /* LaunchScreen.storyboard */; };
		0F6A67A71E568F60001F84D3 /* CoreLocation.framework in Frameworks */ = {isa = PBXBuildFile; fileRef = 0F6A67A61E568F60001F84D3 /* CoreLocation.framework */; };
		0F6BEE5A1E8BFFF0002BEF6B /* MMDrawerBarButtonItem.m in Sources */ = {isa = PBXBuildFile; fileRef = 0F6BEE521E8BFFF0002BEF6B /* MMDrawerBarButtonItem.m */; };
		0F6BEE5B1E8BFFF0002BEF6B /* MMDrawerController.m in Sources */ = {isa = PBXBuildFile; fileRef = 0F6BEE551E8BFFF0002BEF6B /* MMDrawerController.m */; };
		0F6BEE5C1E8BFFF0002BEF6B /* MMDrawerVisualState.m in Sources */ = {isa = PBXBuildFile; fileRef = 0F6BEE571E8BFFF0002BEF6B /* MMDrawerVisualState.m */; };
		0F6BEE5D1E8BFFF0002BEF6B /* UIViewController+MMDrawerController.m in Sources */ = {isa = PBXBuildFile; fileRef = 0F6BEE591E8BFFF0002BEF6B /* UIViewController+MMDrawerController.m */; };
		0F6BEE601E8C00E1002BEF6B /* Main.storyboard in Resources */ = {isa = PBXBuildFile; fileRef = 0F6BEE621E8C00E1002BEF6B /* Main.storyboard */; };
		0F767A6A1E85DFFA0013C31D /* Localizable.strings in Resources */ = {isa = PBXBuildFile; fileRef = 0F767A6C1E85DFFA0013C31D /* Localizable.strings */; };
		0F87A7451E7A30DC0033CF12 /* LeftViewController.m in Sources */ = {isa = PBXBuildFile; fileRef = 0F87A7441E7A30DC0033CF12 /* LeftViewController.m */; };
		0FC7DC141EC1442700A2EC0A /* UIImage+animatedGIF.m in Sources */ = {isa = PBXBuildFile; fileRef = 0FC7DC131EC1442700A2EC0A /* UIImage+animatedGIF.m */; };
		0FC7DC151EC1445100A2EC0A /* UIImage+animatedGIF.m in Sources */ = {isa = PBXBuildFile; fileRef = 0FC7DC131EC1442700A2EC0A /* UIImage+animatedGIF.m */; };
		0FC7DC1A1EC1460F00A2EC0A /* Assets.xcassets in Resources */ = {isa = PBXBuildFile; fileRef = 0FC7DC191EC1460F00A2EC0A /* Assets.xcassets */; };
		0FC7DC1B1EC1460F00A2EC0A /* Assets.xcassets in Resources */ = {isa = PBXBuildFile; fileRef = 0FC7DC191EC1460F00A2EC0A /* Assets.xcassets */; };
		0FCE4E9D1EC0ACE600273050 /* NotificationCenter.framework in Frameworks */ = {isa = PBXBuildFile; fileRef = 0FB2742A1E5BC0030054364A /* NotificationCenter.framework */; };
		0FCE4EA11EC0ACE700273050 /* TodayViewController.m in Sources */ = {isa = PBXBuildFile; fileRef = 0FCE4EA01EC0ACE700273050 /* TodayViewController.m */; };
		0FCE4EA41EC0ACE700273050 /* MainInterface.storyboard in Resources */ = {isa = PBXBuildFile; fileRef = 0FCE4EA21EC0ACE700273050 /* MainInterface.storyboard */; };
		0FCE4EA81EC0ACE700273050 /* WeatherForecast.appex in Embed App Extensions */ = {isa = PBXBuildFile; fileRef = 0FCE4E9C1EC0ACE600273050 /* WeatherForecast.appex */; settings = {ATTRIBUTES = (RemoveHeadersOnCopy, ); }; };
		0FCE4EB11EC0EBD200273050 /* Forcast.m in Sources */ = {isa = PBXBuildFile; fileRef = 0F440C5F1E60958C00DC55E3 /* Forcast.m */; };
		0FCE4EB21EC0EBF700273050 /* TodayViewController.m in Sources */ = {isa = PBXBuildFile; fileRef = 0FCE4EA01EC0ACE700273050 /* TodayViewController.m */; };
		0FEBBCF01EC1DF7400E978F3 /* sleet.gif in Resources */ = {isa = PBXBuildFile; fileRef = 0FEBBCEF1EC1DF7400E978F3 /* sleet.gif */; };
		0FEBBCF11EC1DF8E00E978F3 /* sleet.gif in Resources */ = {isa = PBXBuildFile; fileRef = 0FEBBCEF1EC1DF7400E978F3 /* sleet.gif */; };
		0FEBBCF31EC1DFAB00E978F3 /* fog.gif in Resources */ = {isa = PBXBuildFile; fileRef = 0FEBBCF21EC1DFAB00E978F3 /* fog.gif */; };
		0FEBBCF41EC1DFAB00E978F3 /* fog.gif in Resources */ = {isa = PBXBuildFile; fileRef = 0FEBBCF21EC1DFAB00E978F3 /* fog.gif */; };
		0FEBBCF61EC1DFB200E978F3 /* snow.gif in Resources */ = {isa = PBXBuildFile; fileRef = 0FEBBCF51EC1DFB200E978F3 /* snow.gif */; };
		0FEBBCF71EC1DFB200E978F3 /* snow.gif in Resources */ = {isa = PBXBuildFile; fileRef = 0FEBBCF51EC1DFB200E978F3 /* snow.gif */; };
		0FEBBCF91EC1DFBB00E978F3 /* rain.gif in Resources */ = {isa = PBXBuildFile; fileRef = 0FEBBCF81EC1DFBB00E978F3 /* rain.gif */; };
		0FEBBCFA1EC1DFBB00E978F3 /* rain.gif in Resources */ = {isa = PBXBuildFile; fileRef = 0FEBBCF81EC1DFBB00E978F3 /* rain.gif */; };
		0FEBBCFC1EC1DFE400E978F3 /* sunny.gif in Resources */ = {isa = PBXBuildFile; fileRef = 0FEBBCFB1EC1DFE400E978F3 /* sunny.gif */; };
		0FEBBCFD1EC1DFE400E978F3 /* sunny.gif in Resources */ = {isa = PBXBuildFile; fileRef = 0FEBBCFB1EC1DFE400E978F3 /* sunny.gif */; };
		0FEBBCFF1EC1E00400E978F3 /* partlyCloudy.gif in Resources */ = {isa = PBXBuildFile; fileRef = 0FEBBCFE1EC1E00400E978F3 /* partlyCloudy.gif */; };
		0FEBBD001EC1E00400E978F3 /* partlyCloudy.gif in Resources */ = {isa = PBXBuildFile; fileRef = 0FEBBCFE1EC1E00400E978F3 /* partlyCloudy.gif */; };
		0FEBBD031EC1E85600E978F3 /* cloudy1.gif in Resources */ = {isa = PBXBuildFile; fileRef = 0FEBBD021EC1E85600E978F3 /* cloudy1.gif */; };
		0FEBBD041EC1E85600E978F3 /* cloudy1.gif in Resources */ = {isa = PBXBuildFile; fileRef = 0FEBBD021EC1E85600E978F3 /* cloudy1.gif */; };
/* End PBXBuildFile section */

/* Begin PBXContainerItemProxy section */
		0FCE4EA61EC0ACE700273050 /* PBXContainerItemProxy */ = {
			isa = PBXContainerItemProxy;
			containerPortal = 0F6A677C1E53ACCF001F84D3 /* Project object */;
			proxyType = 1;
			remoteGlobalIDString = 0FCE4E9B1EC0ACE500273050;
			remoteInfo = WeatherForecast;
		};
/* End PBXContainerItemProxy section */

/* Begin PBXCopyFilesBuildPhase section */
		0FCE4EAC1EC0ACE700273050 /* Embed App Extensions */ = {
			isa = PBXCopyFilesBuildPhase;
			buildActionMask = 2147483647;
			dstPath = "";
			dstSubfolderSpec = 13;
			files = (
				0FCE4EA81EC0ACE700273050 /* WeatherForecast.appex in Embed App Extensions */,
			);
			name = "Embed App Extensions";
			runOnlyForDeploymentPostprocessing = 0;
		};
/* End PBXCopyFilesBuildPhase section */

/* Begin PBXFileReference section */
		0F2F49741E92C4DB00FC2062 /* PatternViewCell.h */ = {isa = PBXFileReference; fileEncoding = 4; lastKnownFileType = sourcecode.c.h; path = PatternViewCell.h; sourceTree = "<group>"; };
		0F2F49751E92C4DB00FC2062 /* PatternViewCell.m */ = {isa = PBXFileReference; fileEncoding = 4; lastKnownFileType = sourcecode.c.objc; path = PatternViewCell.m; sourceTree = "<group>"; };
		0F440C5E1E60958C00DC55E3 /* Forcast.h */ = {isa = PBXFileReference; fileEncoding = 4; lastKnownFileType = sourcecode.c.h; path = Forcast.h; sourceTree = "<group>"; };
		0F440C5F1E60958C00DC55E3 /* Forcast.m */ = {isa = PBXFileReference; fileEncoding = 4; lastKnownFileType = sourcecode.c.objc; path = Forcast.m; sourceTree = "<group>"; };
		0F6A67841E53ACCF001F84D3 /* Pogodka.app */ = {isa = PBXFileReference; explicitFileType = wrapper.application; includeInIndex = 0; path = Pogodka.app; sourceTree = BUILT_PRODUCTS_DIR; };
		0F6A67881E53ACCF001F84D3 /* main.m */ = {isa = PBXFileReference; lastKnownFileType = sourcecode.c.objc; path = main.m; sourceTree = "<group>"; };
		0F6A678A1E53ACCF001F84D3 /* AppDelegate.h */ = {isa = PBXFileReference; lastKnownFileType = sourcecode.c.h; path = AppDelegate.h; sourceTree = "<group>"; };
		0F6A678B1E53ACCF001F84D3 /* AppDelegate.m */ = {isa = PBXFileReference; lastKnownFileType = sourcecode.c.objc; path = AppDelegate.m; sourceTree = "<group>"; };
		0F6A678D1E53ACCF001F84D3 /* ViewController.h */ = {isa = PBXFileReference; lastKnownFileType = sourcecode.c.h; path = ViewController.h; sourceTree = "<group>"; };
		0F6A678E1E53ACCF001F84D3 /* ViewController.m */ = {isa = PBXFileReference; lastKnownFileType = sourcecode.c.objc; path = ViewController.m; sourceTree = "<group>"; };
		0F6A67961E53ACD0001F84D3 /* Base */ = {isa = PBXFileReference; lastKnownFileType = file.storyboard; name = Base; path = Base.lproj/LaunchScreen.storyboard; sourceTree = "<group>"; };
		0F6A67981E53ACD0001F84D3 /* Info.plist */ = {isa = PBXFileReference; lastKnownFileType = text.plist.xml; path = Info.plist; sourceTree = "<group>"; };
		0F6A67A61E568F60001F84D3 /* CoreLocation.framework */ = {isa = PBXFileReference; lastKnownFileType = wrapper.framework; name = CoreLocation.framework; path = System/Library/Frameworks/CoreLocation.framework; sourceTree = SDKROOT; };
		0F6BEE511E8BFFF0002BEF6B /* MMDrawerBarButtonItem.h */ = {isa = PBXFileReference; fileEncoding = 4; lastKnownFileType = sourcecode.c.h; path = MMDrawerBarButtonItem.h; sourceTree = "<group>"; };
		0F6BEE521E8BFFF0002BEF6B /* MMDrawerBarButtonItem.m */ = {isa = PBXFileReference; fileEncoding = 4; lastKnownFileType = sourcecode.c.objc; path = MMDrawerBarButtonItem.m; sourceTree = "<group>"; };
		0F6BEE531E8BFFF0002BEF6B /* MMDrawerController+Subclass.h */ = {isa = PBXFileReference; fileEncoding = 4; lastKnownFileType = sourcecode.c.h; path = "MMDrawerController+Subclass.h"; sourceTree = "<group>"; };
		0F6BEE541E8BFFF0002BEF6B /* MMDrawerController.h */ = {isa = PBXFileReference; fileEncoding = 4; lastKnownFileType = sourcecode.c.h; path = MMDrawerController.h; sourceTree = "<group>"; };
		0F6BEE551E8BFFF0002BEF6B /* MMDrawerController.m */ = {isa = PBXFileReference; fileEncoding = 4; lastKnownFileType = sourcecode.c.objc; path = MMDrawerController.m; sourceTree = "<group>"; };
		0F6BEE561E8BFFF0002BEF6B /* MMDrawerVisualState.h */ = {isa = PBXFileReference; fileEncoding = 4; lastKnownFileType = sourcecode.c.h; path = MMDrawerVisualState.h; sourceTree = "<group>"; };
		0F6BEE571E8BFFF0002BEF6B /* MMDrawerVisualState.m */ = {isa = PBXFileReference; fileEncoding = 4; lastKnownFileType = sourcecode.c.objc; path = MMDrawerVisualState.m; sourceTree = "<group>"; };
		0F6BEE581E8BFFF0002BEF6B /* UIViewController+MMDrawerController.h */ = {isa = PBXFileReference; fileEncoding = 4; lastKnownFileType = sourcecode.c.h; path = "UIViewController+MMDrawerController.h"; sourceTree = "<group>"; };
		0F6BEE591E8BFFF0002BEF6B /* UIViewController+MMDrawerController.m */ = {isa = PBXFileReference; fileEncoding = 4; lastKnownFileType = sourcecode.c.objc; path = "UIViewController+MMDrawerController.m"; sourceTree = "<group>"; };
		0F6BEE611E8C00E1002BEF6B /* Base */ = {isa = PBXFileReference; lastKnownFileType = file.storyboard; name = Base; path = Base.lproj/Main.storyboard; sourceTree = "<group>"; };
		0F767A671E85DE100013C31D /* ru */ = {isa = PBXFileReference; lastKnownFileType = text.plist.strings; name = ru; path = ru.lproj/LaunchScreen.strings; sourceTree = "<group>"; };
		0F767A6B1E85DFFA0013C31D /* en */ = {isa = PBXFileReference; lastKnownFileType = text.plist.strings; name = en; path = en.lproj/Localizable.strings; sourceTree = "<group>"; };
		0F767A6D1E85E0010013C31D /* ru */ = {isa = PBXFileReference; lastKnownFileType = text.plist.strings; name = ru; path = ru.lproj/Localizable.strings; sourceTree = "<group>"; };
		0F87A7431E7A30DC0033CF12 /* LeftViewController.h */ = {isa = PBXFileReference; fileEncoding = 4; lastKnownFileType = sourcecode.c.h; path = LeftViewController.h; sourceTree = "<group>"; };
		0F87A7441E7A30DC0033CF12 /* LeftViewController.m */ = {isa = PBXFileReference; fileEncoding = 4; lastKnownFileType = sourcecode.c.objc; path = LeftViewController.m; sourceTree = "<group>"; };
		0FB2742A1E5BC0030054364A /* NotificationCenter.framework */ = {isa = PBXFileReference; lastKnownFileType = wrapper.framework; name = NotificationCenter.framework; path = System/Library/Frameworks/NotificationCenter.framework; sourceTree = SDKROOT; };
		0FC7DC121EC1442700A2EC0A /* UIImage+animatedGIF.h */ = {isa = PBXFileReference; fileEncoding = 4; lastKnownFileType = sourcecode.c.h; path = "UIImage+animatedGIF.h"; sourceTree = "<group>"; };
		0FC7DC131EC1442700A2EC0A /* UIImage+animatedGIF.m */ = {isa = PBXFileReference; fileEncoding = 4; lastKnownFileType = sourcecode.c.objc; path = "UIImage+animatedGIF.m"; sourceTree = "<group>"; };
		0FC7DC191EC1460F00A2EC0A /* Assets.xcassets */ = {isa = PBXFileReference; lastKnownFileType = folder.assetcatalog; path = Assets.xcassets; sourceTree = "<group>"; };
		0FCE4E9C1EC0ACE600273050 /* WeatherForecast.appex */ = {isa = PBXFileReference; explicitFileType = "wrapper.app-extension"; includeInIndex = 0; path = WeatherForecast.appex; sourceTree = BUILT_PRODUCTS_DIR; };
		0FCE4E9F1EC0ACE700273050 /* TodayViewController.h */ = {isa = PBXFileReference; lastKnownFileType = sourcecode.c.h; path = TodayViewController.h; sourceTree = "<group>"; };
		0FCE4EA01EC0ACE700273050 /* TodayViewController.m */ = {isa = PBXFileReference; lastKnownFileType = sourcecode.c.objc; path = TodayViewController.m; sourceTree = "<group>"; };
		0FCE4EA31EC0ACE700273050 /* Base */ = {isa = PBXFileReference; lastKnownFileType = file.storyboard; name = Base; path = Base.lproj/MainInterface.storyboard; sourceTree = "<group>"; };
		0FCE4EA51EC0ACE700273050 /* Info.plist */ = {isa = PBXFileReference; lastKnownFileType = text.plist.xml; path = Info.plist; sourceTree = "<group>"; };
		0FEBBCEF1EC1DF7400E978F3 /* sleet.gif */ = {isa = PBXFileReference; lastKnownFileType = image.gif; path = sleet.gif; sourceTree = "<group>"; };
		0FEBBCF21EC1DFAB00E978F3 /* fog.gif */ = {isa = PBXFileReference; lastKnownFileType = image.gif; path = fog.gif; sourceTree = "<group>"; };
		0FEBBCF51EC1DFB200E978F3 /* snow.gif */ = {isa = PBXFileReference; lastKnownFileType = image.gif; path = snow.gif; sourceTree = "<group>"; };
		0FEBBCF81EC1DFBB00E978F3 /* rain.gif */ = {isa = PBXFileReference; lastKnownFileType = image.gif; path = rain.gif; sourceTree = "<group>"; };
		0FEBBCFB1EC1DFE400E978F3 /* sunny.gif */ = {isa = PBXFileReference; lastKnownFileType = image.gif; path = sunny.gif; sourceTree = "<group>"; };
		0FEBBCFE1EC1E00400E978F3 /* partlyCloudy.gif */ = {isa = PBXFileReference; lastKnownFileType = image.gif; path = partlyCloudy.gif; sourceTree = "<group>"; };
		0FEBBD021EC1E85600E978F3 /* cloudy1.gif */ = {isa = PBXFileReference; lastKnownFileType = image.gif; path = cloudy1.gif; sourceTree = "<group>"; };
/* End PBXFileReference section */

/* Begin PBXFrameworksBuildPhase section */
		0F6A67811E53ACCF001F84D3 /* Frameworks */ = {
			isa = PBXFrameworksBuildPhase;
			buildActionMask = 2147483647;
			files = (
				0F6A67A71E568F60001F84D3 /* CoreLocation.framework in Frameworks */,
			);
			runOnlyForDeploymentPostprocessing = 0;
		};
		0FCE4E991EC0ACE500273050 /* Frameworks */ = {
			isa = PBXFrameworksBuildPhase;
			buildActionMask = 2147483647;
			files = (
				0FCE4E9D1EC0ACE600273050 /* NotificationCenter.framework in Frameworks */,
			);
			runOnlyForDeploymentPostprocessing = 0;
		};
/* End PBXFrameworksBuildPhase section */

/* Begin PBXGroup section */
		0F6A677B1E53ACCF001F84D3 = {
			isa = PBXGroup;
			children = (
				0F6A67861E53ACCF001F84D3 /* Pogodka */,
				0FCE4E9E1EC0ACE700273050 /* WeatherForecastWidget */,
				0F6A67851E53ACCF001F84D3 /* Products */,
				0F6A67A51E568F5F001F84D3 /* Frameworks */,
			);
			sourceTree = "<group>";
		};
		0F6A67851E53ACCF001F84D3 /* Products */ = {
			isa = PBXGroup;
			children = (
				0F6A67841E53ACCF001F84D3 /* Pogodka.app */,
				0FCE4E9C1EC0ACE600273050 /* WeatherForecast.appex */,
			);
			name = Products;
			sourceTree = "<group>";
		};
		0F6A67861E53ACCF001F84D3 /* Pogodka */ = {
			isa = PBXGroup;
			children = (
				0FCE4E961EAB8E0300273050 /* Model */,
				0FCE4E971EAB8E1600273050 /* UIandControl */,
				0F6A67951E53ACD0001F84D3 /* LaunchScreen.storyboard */,
				0F6BEE621E8C00E1002BEF6B /* Main.storyboard */,
				0F6A67981E53ACD0001F84D3 /* Info.plist */,
				0F767A6C1E85DFFA0013C31D /* Localizable.strings */,
				0F6A67871E53ACCF001F84D3 /* Supporting Files */,
			);
			path = Pogodka;
			sourceTree = "<group>";
		};
		0F6A67871E53ACCF001F84D3 /* Supporting Files */ = {
			isa = PBXGroup;
			children = (
				0F6A67881E53ACCF001F84D3 /* main.m */,
			);
			name = "Supporting Files";
			sourceTree = "<group>";
		};
		0F6A67A51E568F5F001F84D3 /* Frameworks */ = {
			isa = PBXGroup;
			children = (
				0F6A67A61E568F60001F84D3 /* CoreLocation.framework */,
				0FB2742A1E5BC0030054364A /* NotificationCenter.framework */,
			);
			name = Frameworks;
			sourceTree = "<group>";
		};
		0F6BEE501E8BFFF0002BEF6B /* sidemenu */ = {
			isa = PBXGroup;
			children = (
				0F6BEE511E8BFFF0002BEF6B /* MMDrawerBarButtonItem.h */,
				0F6BEE521E8BFFF0002BEF6B /* MMDrawerBarButtonItem.m */,
				0F6BEE531E8BFFF0002BEF6B /* MMDrawerController+Subclass.h */,
				0F6BEE541E8BFFF0002BEF6B /* MMDrawerController.h */,
				0F6BEE551E8BFFF0002BEF6B /* MMDrawerController.m */,
				0F6BEE561E8BFFF0002BEF6B /* MMDrawerVisualState.h */,
				0F6BEE571E8BFFF0002BEF6B /* MMDrawerVisualState.m */,
				0F6BEE581E8BFFF0002BEF6B /* UIViewController+MMDrawerController.h */,
				0F6BEE591E8BFFF0002BEF6B /* UIViewController+MMDrawerController.m */,
			);
			path = sidemenu;
			sourceTree = "<group>";
		};
		0FCE4E961EAB8E0300273050 /* Model */ = {
			isa = PBXGroup;
			children = (
				0F6BEE501E8BFFF0002BEF6B /* sidemenu */,
				0F6A678A1E53ACCF001F84D3 /* AppDelegate.h */,
				0F6A678B1E53ACCF001F84D3 /* AppDelegate.m */,
				0F440C5E1E60958C00DC55E3 /* Forcast.h */,
				0F440C5F1E60958C00DC55E3 /* Forcast.m */,
			);
			name = Model;
			sourceTree = "<group>";
		};
		0FCE4E971EAB8E1600273050 /* UIandControl */ = {
			isa = PBXGroup;
			children = (
				0F87A7431E7A30DC0033CF12 /* LeftViewController.h */,
				0F87A7441E7A30DC0033CF12 /* LeftViewController.m */,
				0F6A678D1E53ACCF001F84D3 /* ViewController.h */,
				0F6A678E1E53ACCF001F84D3 /* ViewController.m */,
				0F2F49741E92C4DB00FC2062 /* PatternViewCell.h */,
				0F2F49751E92C4DB00FC2062 /* PatternViewCell.m */,
				0FC7DC191EC1460F00A2EC0A /* Assets.xcassets */,
			);
			name = UIandControl;
			sourceTree = "<group>";
		};
		0FCE4E9E1EC0ACE700273050 /* WeatherForecastWidget */ = {
			isa = PBXGroup;
			children = (
				0FEBBD011EC1E02900E978F3 /* GifModel */,
				0FEBBCEE1EC1DF6000E978F3 /* Todayicon */,
				0FCE4E9F1EC0ACE700273050 /* TodayViewController.h */,
				0FCE4EA01EC0ACE700273050 /* TodayViewController.m */,
				0FCE4EA21EC0ACE700273050 /* MainInterface.storyboard */,
				0FCE4EA51EC0ACE700273050 /* Info.plist */,
			);
			name = WeatherForecastWidget;
			path = WeatherForecast;
			sourceTree = "<group>";
		};
		0FEBBCEE1EC1DF6000E978F3 /* Todayicon */ = {
			isa = PBXGroup;
			children = (
				0FEBBD021EC1E85600E978F3 /* cloudy1.gif */,
				0FEBBCF21EC1DFAB00E978F3 /* fog.gif */,
				0FEBBCEF1EC1DF7400E978F3 /* sleet.gif */,
				0FEBBCF51EC1DFB200E978F3 /* snow.gif */,
				0FEBBCF81EC1DFBB00E978F3 /* rain.gif */,
				0FEBBCFB1EC1DFE400E978F3 /* sunny.gif */,
				0FEBBCFE1EC1E00400E978F3 /* partlyCloudy.gif */,
			);
			name = Todayicon;
			sourceTree = "<group>";
		};
		0FEBBD011EC1E02900E978F3 /* GifModel */ = {
			isa = PBXGroup;
			children = (
				0FC7DC121EC1442700A2EC0A /* UIImage+animatedGIF.h */,
				0FC7DC131EC1442700A2EC0A /* UIImage+animatedGIF.m */,
			);
			name = GifModel;
			sourceTree = "<group>";
		};
/* End PBXGroup section */

/* Begin PBXNativeTarget section */
		0F6A67831E53ACCF001F84D3 /* Pogodka */ = {
			isa = PBXNativeTarget;
			buildConfigurationList = 0F6A679B1E53ACD0001F84D3 /* Build configuration list for PBXNativeTarget "Pogodka" */;
			buildPhases = (
				0F6A67801E53ACCF001F84D3 /* Sources */,
				0F6A67811E53ACCF001F84D3 /* Frameworks */,
				0F6A67821E53ACCF001F84D3 /* Resources */,
				0FCE4EAC1EC0ACE700273050 /* Embed App Extensions */,
			);
			buildRules = (
			);
			dependencies = (
				0FCE4EA71EC0ACE700273050 /* PBXTargetDependency */,
			);
			name = Pogodka;
			productName = Pogodka;
			productReference = 0F6A67841E53ACCF001F84D3 /* Pogodka.app */;
			productType = "com.apple.product-type.application";
		};
		0FCE4E9B1EC0ACE500273050 /* WeatherForecast */ = {
			isa = PBXNativeTarget;
			buildConfigurationList = 0FCE4EAB1EC0ACE700273050 /* Build configuration list for PBXNativeTarget "WeatherForecast" */;
			buildPhases = (
				0FCE4E981EC0ACE500273050 /* Sources */,
				0FCE4E991EC0ACE500273050 /* Frameworks */,
				0FCE4E9A1EC0ACE500273050 /* Resources */,
			);
			buildRules = (
			);
			dependencies = (
			);
			name = WeatherForecast;
			productName = WeatherForecast;
			productReference = 0FCE4E9C1EC0ACE600273050 /* WeatherForecast.appex */;
			productType = "com.apple.product-type.app-extension";
		};
/* End PBXNativeTarget section */

/* Begin PBXProject section */
		0F6A677C1E53ACCF001F84D3 /* Project object */ = {
			isa = PBXProject;
			attributes = {
				LastUpgradeCheck = 0820;
				ORGANIZATIONNAME = "Vladislav Kalaev";
				TargetAttributes = {
					0F6A67831E53ACCF001F84D3 = {
						CreatedOnToolsVersion = 8.2.1;
						DevelopmentTeam = N89Q9ZJQ5N;
						ProvisioningStyle = Automatic;
					};
					0FCE4E9B1EC0ACE500273050 = {
						CreatedOnToolsVersion = 8.2.1;
						DevelopmentTeam = N89Q9ZJQ5N;
						ProvisioningStyle = Automatic;
					};
				};
			};
			buildConfigurationList = 0F6A677F1E53ACCF001F84D3 /* Build configuration list for PBXProject "Pogodka" */;
			compatibilityVersion = "Xcode 3.2";
			developmentRegion = English;
			hasScannedForEncodings = 0;
			knownRegions = (
				en,
				Base,
				ru,
			);
			mainGroup = 0F6A677B1E53ACCF001F84D3;
			productRefGroup = 0F6A67851E53ACCF001F84D3 /* Products */;
			projectDirPath = "";
			projectRoot = "";
			targets = (
				0F6A67831E53ACCF001F84D3 /* Pogodka */,
				0FCE4E9B1EC0ACE500273050 /* WeatherForecast */,
			);
		};
/* End PBXProject section */

/* Begin PBXResourcesBuildPhase section */
		0F6A67821E53ACCF001F84D3 /* Resources */ = {
			isa = PBXResourcesBuildPhase;
			buildActionMask = 2147483647;
			files = (
				0F6BEE601E8C00E1002BEF6B /* Main.storyboard in Resources */,
				0FEBBCFC1EC1DFE400E978F3 /* sunny.gif in Resources */,
				0FEBBCF01EC1DF7400E978F3 /* sleet.gif in Resources */,
				0F767A6A1E85DFFA0013C31D /* Localizable.strings in Resources */,
				0FEBBCF61EC1DFB200E978F3 /* snow.gif in Resources */,
				0FEBBCF31EC1DFAB00E978F3 /* fog.gif in Resources */,
				0FEBBCFF1EC1E00400E978F3 /* partlyCloudy.gif in Resources */,
				0FEBBD031EC1E85600E978F3 /* cloudy1.gif in Resources */,
				0F6A67971E53ACD0001F84D3 /* LaunchScreen.storyboard in Resources */,
				0FEBBCF91EC1DFBB00E978F3 /* rain.gif in Resources */,
				0FC7DC1A1EC1460F00A2EC0A /* Assets.xcassets in Resources */,
			);
			runOnlyForDeploymentPostprocessing = 0;
		};
		0FCE4E9A1EC0ACE500273050 /* Resources */ = {
			isa = PBXResourcesBuildPhase;
			buildActionMask = 2147483647;
			files = (
				0FEBBD001EC1E00400E978F3 /* partlyCloudy.gif in Resources */,
				0FC7DC1B1EC1460F00A2EC0A /* Assets.xcassets in Resources */,
				0FEBBCF11EC1DF8E00E978F3 /* sleet.gif in Resources */,
				0FEBBCFD1EC1DFE400E978F3 /* sunny.gif in Resources */,
				0FEBBCF71EC1DFB200E978F3 /* snow.gif in Resources */,
				0FCE4EA41EC0ACE700273050 /* MainInterface.storyboard in Resources */,
				0FEBBCFA1EC1DFBB00E978F3 /* rain.gif in Resources */,
				0FEBBCF41EC1DFAB00E978F3 /* fog.gif in Resources */,
				0FEBBD041EC1E85600E978F3 /* cloudy1.gif in Resources */,
			);
			runOnlyForDeploymentPostprocessing = 0;
		};
/* End PBXResourcesBuildPhase section */

/* Begin PBXSourcesBuildPhase section */
		0F6A67801E53ACCF001F84D3 /* Sources */ = {
			isa = PBXSourcesBuildPhase;
			buildActionMask = 2147483647;
			files = (
				0FCE4EB21EC0EBF700273050 /* TodayViewController.m in Sources */,
				0FC7DC141EC1442700A2EC0A /* UIImage+animatedGIF.m in Sources */,
				0F6A678F1E53ACCF001F84D3 /* ViewController.m in Sources */,
				0F6BEE5A1E8BFFF0002BEF6B /* MMDrawerBarButtonItem.m in Sources */,
				0F6BEE5B1E8BFFF0002BEF6B /* MMDrawerController.m in Sources */,
				0F87A7451E7A30DC0033CF12 /* LeftViewController.m in Sources */,
				0F6BEE5C1E8BFFF0002BEF6B /* MMDrawerVisualState.m in Sources */,
				0F6A678C1E53ACCF001F84D3 /* AppDelegate.m in Sources */,
				0F6BEE5D1E8BFFF0002BEF6B /* UIViewController+MMDrawerController.m in Sources */,
				0F2F49761E92C4DB00FC2062 /* PatternViewCell.m in Sources */,
				0F440C671E64F3EF00DC55E3 /* Forcast.m in Sources */,
				0F6A67891E53ACCF001F84D3 /* main.m in Sources */,
			);
			runOnlyForDeploymentPostprocessing = 0;
		};
		0FCE4E981EC0ACE500273050 /* Sources */ = {
			isa = PBXSourcesBuildPhase;
			buildActionMask = 2147483647;
			files = (
				0FCE4EA11EC0ACE700273050 /* TodayViewController.m in Sources */,
				0FC7DC151EC1445100A2EC0A /* UIImage+animatedGIF.m in Sources */,
				0FCE4EB11EC0EBD200273050 /* Forcast.m in Sources */,
			);
			runOnlyForDeploymentPostprocessing = 0;
		};
/* End PBXSourcesBuildPhase section */

/* Begin PBXTargetDependency section */
		0FCE4EA71EC0ACE700273050 /* PBXTargetDependency */ = {
			isa = PBXTargetDependency;
			target = 0FCE4E9B1EC0ACE500273050 /* WeatherForecast */;
			targetProxy = 0FCE4EA61EC0ACE700273050 /* PBXContainerItemProxy */;
		};
/* End PBXTargetDependency section */

/* Begin PBXVariantGroup section */
		0F6A67951E53ACD0001F84D3 /* LaunchScreen.storyboard */ = {
			isa = PBXVariantGroup;
			children = (
				0F6A67961E53ACD0001F84D3 /* Base */,
				0F767A671E85DE100013C31D /* ru */,
			);
			name = LaunchScreen.storyboard;
			sourceTree = "<group>";
		};
		0F6BEE621E8C00E1002BEF6B /* Main.storyboard */ = {
			isa = PBXVariantGroup;
			children = (
				0F6BEE611E8C00E1002BEF6B /* Base */,
			);
			name = Main.storyboard;
			sourceTree = "<group>";
		};
		0F767A6C1E85DFFA0013C31D /* Localizable.strings */ = {
			isa = PBXVariantGroup;
			children = (
				0F767A6B1E85DFFA0013C31D /* en */,
				0F767A6D1E85E0010013C31D /* ru */,
			);
			name = Localizable.strings;
			sourceTree = "<group>";
		};
		0FCE4EA21EC0ACE700273050 /* MainInterface.storyboard */ = {
			isa = PBXVariantGroup;
			children = (
				0FCE4EA31EC0ACE700273050 /* Base */,
			);
			name = MainInterface.storyboard;
			sourceTree = "<group>";
		};
/* End PBXVariantGroup section */

/* Begin XCBuildConfiguration section */
		0F6A67991E53ACD0001F84D3 /* Debug */ = {
			isa = XCBuildConfiguration;
			buildSettings = {
				ALWAYS_SEARCH_USER_PATHS = NO;
				CLANG_ANALYZER_LOCALIZABILITY_NONLOCALIZED = YES;
				CLANG_ANALYZER_NONNULL = YES;
				CLANG_CXX_LANGUAGE_STANDARD = "gnu++0x";
				CLANG_CXX_LIBRARY = "libc++";
				CLANG_ENABLE_MODULES = YES;
				CLANG_ENABLE_OBJC_ARC = YES;
				CLANG_WARN_BOOL_CONVERSION = YES;
				CLANG_WARN_CONSTANT_CONVERSION = YES;
				CLANG_WARN_DIRECT_OBJC_ISA_USAGE = YES_ERROR;
				CLANG_WARN_DOCUMENTATION_COMMENTS = YES;
				CLANG_WARN_EMPTY_BODY = YES;
				CLANG_WARN_ENUM_CONVERSION = YES;
				CLANG_WARN_INFINITE_RECURSION = YES;
				CLANG_WARN_INT_CONVERSION = YES;
				CLANG_WARN_OBJC_ROOT_CLASS = YES_ERROR;
				CLANG_WARN_SUSPICIOUS_MOVE = YES;
				CLANG_WARN_UNREACHABLE_CODE = YES;
				CLANG_WARN__DUPLICATE_METHOD_MATCH = YES;
				"CODE_SIGN_IDENTITY[sdk=iphoneos*]" = "iPhone Developer";
				COPY_PHASE_STRIP = NO;
				DEBUG_INFORMATION_FORMAT = dwarf;
				ENABLE_STRICT_OBJC_MSGSEND = YES;
				ENABLE_TESTABILITY = YES;
				GCC_C_LANGUAGE_STANDARD = gnu99;
				GCC_DYNAMIC_NO_PIC = NO;
				GCC_NO_COMMON_BLOCKS = YES;
				GCC_OPTIMIZATION_LEVEL = 0;
				GCC_PREPROCESSOR_DEFINITIONS = (
					"DEBUG=1",
					"$(inherited)",
				);
				GCC_WARN_64_TO_32_BIT_CONVERSION = YES;
				GCC_WARN_ABOUT_RETURN_TYPE = YES_ERROR;
				GCC_WARN_UNDECLARED_SELECTOR = YES;
				GCC_WARN_UNINITIALIZED_AUTOS = YES_AGGRESSIVE;
				GCC_WARN_UNUSED_FUNCTION = YES;
				GCC_WARN_UNUSED_VARIABLE = YES;
				IPHONEOS_DEPLOYMENT_TARGET = 10.1;
				MTL_ENABLE_DEBUG_INFO = YES;
				ONLY_ACTIVE_ARCH = YES;
				SDKROOT = iphoneos;
				TARGETED_DEVICE_FAMILY = "1,2";
			};
			name = Debug;
		};
		0F6A679A1E53ACD0001F84D3 /* Release */ = {
			isa = XCBuildConfiguration;
			buildSettings = {
				ALWAYS_SEARCH_USER_PATHS = NO;
				CLANG_ANALYZER_LOCALIZABILITY_NONLOCALIZED = YES;
				CLANG_ANALYZER_NONNULL = YES;
				CLANG_CXX_LANGUAGE_STANDARD = "gnu++0x";
				CLANG_CXX_LIBRARY = "libc++";
				CLANG_ENABLE_MODULES = YES;
				CLANG_ENABLE_OBJC_ARC = YES;
				CLANG_WARN_BOOL_CONVERSION = YES;
				CLANG_WARN_CONSTANT_CONVERSION = YES;
				CLANG_WARN_DIRECT_OBJC_ISA_USAGE = YES_ERROR;
				CLANG_WARN_DOCUMENTATION_COMMENTS = YES;
				CLANG_WARN_EMPTY_BODY = YES;
				CLANG_WARN_ENUM_CONVERSION = YES;
				CLANG_WARN_INFINITE_RECURSION = YES;
				CLANG_WARN_INT_CONVERSION = YES;
				CLANG_WARN_OBJC_ROOT_CLASS = YES_ERROR;
				CLANG_WARN_SUSPICIOUS_MOVE = YES;
				CLANG_WARN_UNREACHABLE_CODE = YES;
				CLANG_WARN__DUPLICATE_METHOD_MATCH = YES;
				"CODE_SIGN_IDENTITY[sdk=iphoneos*]" = "iPhone Developer";
				COPY_PHASE_STRIP = NO;
				DEBUG_INFORMATION_FORMAT = "dwarf-with-dsym";
				ENABLE_NS_ASSERTIONS = NO;
				ENABLE_STRICT_OBJC_MSGSEND = YES;
				GCC_C_LANGUAGE_STANDARD = gnu99;
				GCC_NO_COMMON_BLOCKS = YES;
				GCC_WARN_64_TO_32_BIT_CONVERSION = YES;
				GCC_WARN_ABOUT_RETURN_TYPE = YES_ERROR;
				GCC_WARN_UNDECLARED_SELECTOR = YES;
				GCC_WARN_UNINITIALIZED_AUTOS = YES_AGGRESSIVE;
				GCC_WARN_UNUSED_FUNCTION = YES;
				GCC_WARN_UNUSED_VARIABLE = YES;
				IPHONEOS_DEPLOYMENT_TARGET = 10.1;
				MTL_ENABLE_DEBUG_INFO = NO;
				SDKROOT = iphoneos;
				TARGETED_DEVICE_FAMILY = "1,2";
				VALIDATE_PRODUCT = YES;
			};
			name = Release;
		};
		0F6A679C1E53ACD0001F84D3 /* Debug */ = {
			isa = XCBuildConfiguration;
			buildSettings = {
				ASSETCATALOG_COMPILER_APPICON_NAME = AppIcon;
				DEVELOPMENT_TEAM = N89Q9ZJQ5N;
				INFOPLIST_FILE = Pogodka/Info.plist;
				IPHONEOS_DEPLOYMENT_TARGET = 10.2;
				LD_RUNPATH_SEARCH_PATHS = "$(inherited) @executable_path/Frameworks";
				PRODUCT_BUNDLE_IDENTIFIER = rem0t.Pogodka;
				PRODUCT_NAME = "$(TARGET_NAME)";
			};
			name = Debug;
		};
		0F6A679D1E53ACD0001F84D3 /* Release */ = {
			isa = XCBuildConfiguration;
			buildSettings = {
				ASSETCATALOG_COMPILER_APPICON_NAME = AppIcon;
				DEVELOPMENT_TEAM = N89Q9ZJQ5N;
				INFOPLIST_FILE = Pogodka/Info.plist;
				IPHONEOS_DEPLOYMENT_TARGET = 10.2;
				LD_RUNPATH_SEARCH_PATHS = "$(inherited) @executable_path/Frameworks";
				PRODUCT_BUNDLE_IDENTIFIER = rem0t.Pogodka;
				PRODUCT_NAME = "$(TARGET_NAME)";
			};
			name = Release;
		};
		0FCE4EA91EC0ACE700273050 /* Debug */ = {
			isa = XCBuildConfiguration;
			buildSettings = {
				DEVELOPMENT_TEAM = N89Q9ZJQ5N;
				INFOPLIST_FILE = WeatherForecast/Info.plist;
				LD_RUNPATH_SEARCH_PATHS = "$(inherited) @executable_path/Frameworks @executable_path/../../Frameworks";
				PRODUCT_BUNDLE_IDENTIFIER = rem0t.Pogodka.WeatherForecast;
				PRODUCT_NAME = "$(TARGET_NAME)";
				SKIP_INSTALL = YES;
			};
			name = Debug;
		};
		0FCE4EAA1EC0ACE700273050 /* Release */ = {
			isa = XCBuildConfiguration;
			buildSettings = {
				DEVELOPMENT_TEAM = N89Q9ZJQ5N;
				INFOPLIST_FILE = WeatherForecast/Info.plist;
				LD_RUNPATH_SEARCH_PATHS = "$(inherited) @executable_path/Frameworks @executable_path/../../Frameworks";
				PRODUCT_BUNDLE_IDENTIFIER = rem0t.Pogodka.WeatherForecast;
				PRODUCT_NAME = "$(TARGET_NAME)";
				SKIP_INSTALL = YES;
			};
			name = Release;
		};
/* End XCBuildConfiguration section */

/* Begin XCConfigurationList section */
		0F6A677F1E53ACCF001F84D3 /* Build configuration list for PBXProject "Pogodka" */ = {
			isa = XCConfigurationList;
			buildConfigurations = (
				0F6A67991E53ACD0001F84D3 /* Debug */,
				0F6A679A1E53ACD0001F84D3 /* Release */,
			);
			defaultConfigurationIsVisible = 0;
			defaultConfigurationName = Release;
		};
		0F6A679B1E53ACD0001F84D3 /* Build configuration list for PBXNativeTarget "Pogodka" */ = {
			isa = XCConfigurationList;
			buildConfigurations = (
				0F6A679C1E53ACD0001F84D3 /* Debug */,
				0F6A679D1E53ACD0001F84D3 /* Release */,
			);
			defaultConfigurationIsVisible = 0;
			defaultConfigurationName = Release;
		};
		0FCE4EAB1EC0ACE700273050 /* Build configuration list for PBXNativeTarget "WeatherForecast" */ = {
			isa = XCConfigurationList;
			buildConfigurations = (
				0FCE4EA91EC0ACE700273050 /* Debug */,
				0FCE4EAA1EC0ACE700273050 /* Release */,
			);
			defaultConfigurationIsVisible = 0;
			defaultConfigurationName = Release;
		};
/* End XCConfigurationList section */
	};
	rootObject = 0F6A677C1E53ACCF001F84D3 /* Project object */;
}
